
Microsoft Visual Studio Solution File, Format Version 12.00
# Visual Studio Version 17
VisualStudioVersion = 17.5.002.0
MinimumVisualStudioVersion = 10.0.40219.1
Project("{2150E333-8FDC-42A3-9474-1A3956D46DE8}") = "1", "1", "{ABF37E9C-A2BE-4A8B-9EFE-B4C1FDB4C177}"
EndProject
Project("{9A19103F-16F7-4668-BE54-9A1E7A4F7556}") = "ConsoleApp1", "1\1\ConsoleApp1.csproj", "{9B0BA743-9BF1-4747-A216-21D91697C1FA}"
EndProject
Project("{FAE04EC0-301F-11D3-BF4B-00C04F79EFBC}") = "ConsoleApp", "1\2\ConsoleApp.csproj", "{CD66BFD5-B34F-4EB9-8980-72415A811B66}"
EndProject
Global
	GlobalSection(SolutionConfigurationPlatforms) = preSolution
		Debug|Any CPU = Debug|Any CPU
		Release|Any CPU = Release|Any CPU
	EndGlobalSection
	GlobalSection(ProjectConfigurationPlatforms) = postSolution
		{9B0BA743-9BF1-4747-A216-21D91697C1FA}.Debug|Any CPU.ActiveCfg = Debug|Any CPU
		{9B0BA743-9BF1-4747-A216-21D91697C1FA}.Debug|Any CPU.Build.0 = Debug|Any CPU
		{9B0BA743-9BF1-4747-A216-21D91697C1FA}.Release|Any CPU.ActiveCfg = Release|Any CPU
		{9B0BA743-9BF1-4747-A216-21D91697C1FA}.Release|Any CPU.Build.0 = Release|Any CPU
		{CD66BFD5-B34F-4EB9-8980-72415A811B66}.Debug|Any CPU.ActiveCfg = Debug|Any CPU
		{CD66BFD5-B34F-4EB9-8980-72415A811B66}.Debug|Any CPU.Build.0 = Debug|Any CPU
		{CD66BFD5-B34F-4EB9-8980-72415A811B66}.Release|Any CPU.ActiveCfg = Release|Any CPU
		{CD66BFD5-B34F-4EB9-8980-72415A811B66}.Release|Any CPU.Build.0 = Release|Any CPU
	EndGlobalSection
	GlobalSection(SolutionProperties) = preSolution
		HideSolutionNode = FALSE
	EndGlobalSection
	GlobalSection(NestedProjects) = preSolution
		{9B0BA743-9BF1-4747-A216-21D91697C1FA} = {ABF37E9C-A2BE-4A8B-9EFE-B4C1FDB4C177}
		{CD66BFD5-B34F-4EB9-8980-72415A811B66} = {ABF37E9C-A2BE-4A8B-9EFE-B4C1FDB4C177}
	EndGlobalSection
	GlobalSection(ExtensibilityGlobals) = postSolution
		SolutionGuid = {3ED51B6C-90E7-4137-8EB1-53B11574E795}
	EndGlobalSection
EndGlobal
